
Microsoft Visual Studio Solution File, Format Version 12.00
Project("{FAE04EC0-301F-11D3-BF4B-00C04F79EFBC}") = "BatteryHistory", "BatteryHistory\BatteryHistory.csproj", "{B2AA09B7-93E9-4C91-9756-91B552ECA6DA}"
EndProject
Global
	GlobalSection(SolutionConfigurationPlatforms) = preSolution
		Debug|Any CPU = Debug|Any CPU
		Release|Any CPU = Release|Any CPU
	EndGlobalSection
	GlobalSection(ProjectConfigurationPlatforms) = postSolution
		{B2AA09B7-93E9-4C91-9756-91B552ECA6DA}.Debug|Any CPU.ActiveCfg = Debug|Any CPU
		{B2AA09B7-93E9-4C91-9756-91B552ECA6DA}.Debug|Any CPU.Build.0 = Debug|Any CPU
		{B2AA09B7-93E9-4C91-9756-91B552ECA6DA}.Release|Any CPU.ActiveCfg = Release|Any CPU
		{B2AA09B7-93E9-4C91-9756-91B552ECA6DA}.Release|Any CPU.Build.0 = Release|Any CPU
	EndGlobalSection
EndGlobal
